
Microsoft Visual Studio Solution File, Format Version 12.00
# Visual Studio Version 17
VisualStudioVersion = 17.7.34031.279
MinimumVisualStudioVersion = 10.0.40219.1
Project("{FAE04EC0-301F-11D3-BF4B-00C04F79EFBC}") = "Unit1Lecture", "Unit1Lecture\Unit1Lecture.csproj", "{64B4AB60-69CE-4625-A024-2C327B4B38B2}"
EndProject
Project("{FAE04EC0-301F-11D3-BF4B-00C04F79EFBC}") = "Unit1Lab", "Unit1Lab\Unit1Lab.csproj", "{E1FBC472-4B92-4B4E-A656-7FCA1F88659F}"
EndProject
Project("{FAE04EC0-301F-11D3-BF4B-00C04F79EFBC}") = "Unit2Lab", "Unit2Lab\Unit2Lab.csproj", "{8B7B229B-6E8B-45BE-A7CB-CA5F749B4E82}"
EndProject
Project("{9A19103F-16F7-4668-BE54-9A1E7A4F7556}") = "Unit3Lab", "Unit3Lab\Unit3Lab.csproj", "{7FDF0216-6C18-4427-88FD-C13FEEE081ED}"
EndProject
Project("{9A19103F-16F7-4668-BE54-9A1E7A4F7556}") = "Unit2Lecture1", "Unit2Lecture1\Unit2Lecture1.csproj", "{BDDCAB2A-BDDA-46A4-ADDA-625DF69EEA6C}"
EndProject
Project("{9A19103F-16F7-4668-BE54-9A1E7A4F7556}") = "Unit4Lab", "Unit4Lab\Unit4Lab.csproj", "{5D3D6595-41E9-4F9C-856E-C415942086C0}"
EndProject
Project("{9A19103F-16F7-4668-BE54-9A1E7A4F7556}") = "Unit5Lab", "Unit5Lab\Unit5Lab.csproj", "{2CCA5F92-E4AB-4177-8A82-867921BC881E}"
EndProject
Project("{9A19103F-16F7-4668-BE54-9A1E7A4F7556}") = "Unit6Lab", "Unit6Lab\Unit6Lab.csproj", "{C3ECF7A6-D161-4256-A92A-31DB71B05D91}"
EndProject
Project("{9A19103F-16F7-4668-BE54-9A1E7A4F7556}") = "Unit7Lab", "Unit7Lab\Unit7Lab.csproj", "{035B238F-1EDE-41F1-9166-BAF94A58FA9B}"
EndProject
Project("{9A19103F-16F7-4668-BE54-9A1E7A4F7556}") = "Unit8Lab", "Unit8Lab\Unit8Lab.csproj", "{D1E2B521-9210-46E7-A248-D92F94E47B85}"
EndProject
Project("{9A19103F-16F7-4668-BE54-9A1E7A4F7556}") = "Unit9Lab", "Unit9Lab\Unit9Lab.csproj", "{B9B5848C-654D-4319-824A-7DE329ED2663}"
EndProject
Project("{FAE04EC0-301F-11D3-BF4B-00C04F79EFBC}") = "Unit10Lab", "Unit10Lab\Unit10Lab.csproj", "{F3458A77-F3FF-4525-AADA-D675E0F00342}"
EndProject
Project("{FAE04EC0-301F-11D3-BF4B-00C04F79EFBC}") = "Unit11Lab", "Unit11Lab\Unit11Lab.csproj", "{372817BB-34F0-46F3-B9BF-0AF36859E3B8}"
EndProject
Project("{FAE04EC0-301F-11D3-BF4B-00C04F79EFBC}") = "Unit12Lab", "Unit12Lab\Unit12Lab.csproj", "{ABCD427B-A04F-40BD-984D-670EFDE01515}"
EndProject
Global
	GlobalSection(SolutionConfigurationPlatforms) = preSolution
		Debug|Any CPU = Debug|Any CPU
		Release|Any CPU = Release|Any CPU
	EndGlobalSection
	GlobalSection(ProjectConfigurationPlatforms) = postSolution
		{64B4AB60-69CE-4625-A024-2C327B4B38B2}.Debug|Any CPU.ActiveCfg = Debug|Any CPU
		{64B4AB60-69CE-4625-A024-2C327B4B38B2}.Debug|Any CPU.Build.0 = Debug|Any CPU
		{64B4AB60-69CE-4625-A024-2C327B4B38B2}.Release|Any CPU.ActiveCfg = Release|Any CPU
		{64B4AB60-69CE-4625-A024-2C327B4B38B2}.Release|Any CPU.Build.0 = Release|Any CPU
		{E1FBC472-4B92-4B4E-A656-7FCA1F88659F}.Debug|Any CPU.ActiveCfg = Debug|Any CPU
		{E1FBC472-4B92-4B4E-A656-7FCA1F88659F}.Debug|Any CPU.Build.0 = Debug|Any CPU
		{E1FBC472-4B92-4B4E-A656-7FCA1F88659F}.Release|Any CPU.ActiveCfg = Release|Any CPU
		{E1FBC472-4B92-4B4E-A656-7FCA1F88659F}.Release|Any CPU.Build.0 = Release|Any CPU
		{8B7B229B-6E8B-45BE-A7CB-CA5F749B4E82}.Debug|Any CPU.ActiveCfg = Debug|Any CPU
		{8B7B229B-6E8B-45BE-A7CB-CA5F749B4E82}.Debug|Any CPU.Build.0 = Debug|Any CPU
		{8B7B229B-6E8B-45BE-A7CB-CA5F749B4E82}.Release|Any CPU.ActiveCfg = Release|Any CPU
		{8B7B229B-6E8B-45BE-A7CB-CA5F749B4E82}.Release|Any CPU.Build.0 = Release|Any CPU
		{7FDF0216-6C18-4427-88FD-C13FEEE081ED}.Debug|Any CPU.ActiveCfg = Debug|Any CPU
		{7FDF0216-6C18-4427-88FD-C13FEEE081ED}.Debug|Any CPU.Build.0 = Debug|Any CPU
		{7FDF0216-6C18-4427-88FD-C13FEEE081ED}.Release|Any CPU.ActiveCfg = Release|Any CPU
		{7FDF0216-6C18-4427-88FD-C13FEEE081ED}.Release|Any CPU.Build.0 = Release|Any CPU
		{BDDCAB2A-BDDA-46A4-ADDA-625DF69EEA6C}.Debug|Any CPU.ActiveCfg = Debug|Any CPU
		{BDDCAB2A-BDDA-46A4-ADDA-625DF69EEA6C}.Debug|Any CPU.Build.0 = Debug|Any CPU
		{BDDCAB2A-BDDA-46A4-ADDA-625DF69EEA6C}.Release|Any CPU.ActiveCfg = Release|Any CPU
		{BDDCAB2A-BDDA-46A4-ADDA-625DF69EEA6C}.Release|Any CPU.Build.0 = Release|Any CPU
		{5D3D6595-41E9-4F9C-856E-C415942086C0}.Debug|Any CPU.ActiveCfg = Debug|Any CPU
		{5D3D6595-41E9-4F9C-856E-C415942086C0}.Debug|Any CPU.Build.0 = Debug|Any CPU
		{5D3D6595-41E9-4F9C-856E-C415942086C0}.Release|Any CPU.ActiveCfg = Release|Any CPU
		{5D3D6595-41E9-4F9C-856E-C415942086C0}.Release|Any CPU.Build.0 = Release|Any CPU
		{2CCA5F92-E4AB-4177-8A82-867921BC881E}.Debug|Any CPU.ActiveCfg = Debug|Any CPU
		{2CCA5F92-E4AB-4177-8A82-867921BC881E}.Debug|Any CPU.Build.0 = Debug|Any CPU
		{2CCA5F92-E4AB-4177-8A82-867921BC881E}.Release|Any CPU.ActiveCfg = Release|Any CPU
		{2CCA5F92-E4AB-4177-8A82-867921BC881E}.Release|Any CPU.Build.0 = Release|Any CPU
		{C3ECF7A6-D161-4256-A92A-31DB71B05D91}.Debug|Any CPU.ActiveCfg = Debug|Any CPU
		{C3ECF7A6-D161-4256-A92A-31DB71B05D91}.Debug|Any CPU.Build.0 = Debug|Any CPU
		{C3ECF7A6-D161-4256-A92A-31DB71B05D91}.Release|Any CPU.ActiveCfg = Release|Any CPU
		{C3ECF7A6-D161-4256-A92A-31DB71B05D91}.Release|Any CPU.Build.0 = Release|Any CPU
		{035B238F-1EDE-41F1-9166-BAF94A58FA9B}.Debug|Any CPU.ActiveCfg = Debug|Any CPU
		{035B238F-1EDE-41F1-9166-BAF94A58FA9B}.Debug|Any CPU.Build.0 = Debug|Any CPU
		{035B238F-1EDE-41F1-9166-BAF94A58FA9B}.Release|Any CPU.ActiveCfg = Release|Any CPU
		{035B238F-1EDE-41F1-9166-BAF94A58FA9B}.Release|Any CPU.Build.0 = Release|Any CPU
		{D1E2B521-9210-46E7-A248-D92F94E47B85}.Debug|Any CPU.ActiveCfg = Debug|Any CPU
		{D1E2B521-9210-46E7-A248-D92F94E47B85}.Debug|Any CPU.Build.0 = Debug|Any CPU
		{D1E2B521-9210-46E7-A248-D92F94E47B85}.Release|Any CPU.ActiveCfg = Release|Any CPU
		{D1E2B521-9210-46E7-A248-D92F94E47B85}.Release|Any CPU.Build.0 = Release|Any CPU
		{B9B5848C-654D-4319-824A-7DE329ED2663}.Debug|Any CPU.ActiveCfg = Debug|Any CPU
		{B9B5848C-654D-4319-824A-7DE329ED2663}.Debug|Any CPU.Build.0 = Debug|Any CPU
		{B9B5848C-654D-4319-824A-7DE329ED2663}.Release|Any CPU.ActiveCfg = Release|Any CPU
		{B9B5848C-654D-4319-824A-7DE329ED2663}.Release|Any CPU.Build.0 = Release|Any CPU
		{F3458A77-F3FF-4525-AADA-D675E0F00342}.Debug|Any CPU.ActiveCfg = Debug|Any CPU
		{F3458A77-F3FF-4525-AADA-D675E0F00342}.Debug|Any CPU.Build.0 = Debug|Any CPU
		{F3458A77-F3FF-4525-AADA-D675E0F00342}.Release|Any CPU.ActiveCfg = Release|Any CPU
		{F3458A77-F3FF-4525-AADA-D675E0F00342}.Release|Any CPU.Build.0 = Release|Any CPU
		{372817BB-34F0-46F3-B9BF-0AF36859E3B8}.Debug|Any CPU.ActiveCfg = Debug|Any CPU
		{372817BB-34F0-46F3-B9BF-0AF36859E3B8}.Debug|Any CPU.Build.0 = Debug|Any CPU
		{372817BB-34F0-46F3-B9BF-0AF36859E3B8}.Release|Any CPU.ActiveCfg = Release|Any CPU
		{372817BB-34F0-46F3-B9BF-0AF36859E3B8}.Release|Any CPU.Build.0 = Release|Any CPU
		{ABCD427B-A04F-40BD-984D-670EFDE01515}.Debug|Any CPU.ActiveCfg = Debug|Any CPU
		{ABCD427B-A04F-40BD-984D-670EFDE01515}.Debug|Any CPU.Build.0 = Debug|Any CPU
		{ABCD427B-A04F-40BD-984D-670EFDE01515}.Release|Any CPU.ActiveCfg = Release|Any CPU
		{ABCD427B-A04F-40BD-984D-670EFDE01515}.Release|Any CPU.Build.0 = Release|Any CPU
	EndGlobalSection
	GlobalSection(SolutionProperties) = preSolution
		HideSolutionNode = FALSE
	EndGlobalSection
	GlobalSection(ExtensibilityGlobals) = postSolution
		SolutionGuid = {9DF89827-D978-40F5-8201-50F72F994258}
	EndGlobalSection
EndGlobal
